{
  "version": 4,
  "terraform_version": "1.12.2",
  "serial": 52,
  "lineage": "0789abef-ee13-7732-b370-af50bd8fba85",
  "outputs": {},
  "resources": [
    {
      "mode": "managed",
      "type": "aws_iam_user",
      "name": "lb",
      "provider": "provider[\"registry.terraform.io/hashicorp/aws\"]",
      "instances": [
        {
          "schema_version": 0,
          "attributes": {
            "arn": "arn:aws:iam::671439259903:user/load_balancer_user",
            "force_destroy": false,
            "id": "load_balancer_user",
            "name": "load_balancer_user",
            "path": "/",
            "permissions_boundary": "",
            "tags": null,
            "tags_all": {},
            "unique_id": "AIDAZYVHGBD7WP6TDX6LB"
          },
          "sensitive_attributes": [],
          "identity_schema_version": 0,
          "private": "bnVsbA=="
        }
      ]
    }
  ],
  "check_results": null
}
